# generated by rye
# use `rye lock` or `rye sync` to update this lockfile
#
# last locked with the following flags:
#   pre: false
#   features: []
#   all-features: false
#   with-sources: false

-e file:.
absl-py==2.1.0
    # via tensorboard
accelerate==0.30.0
    # via moonshot-bio-stimulant
certifi==2024.2.2
    # via requests
charset-normalizer==3.3.2
    # via requests
colorama==0.4.6
    # via pretty-errors
et-xmlfile==1.1.0
    # via openpyxl
filelock==3.14.0
    # via huggingface-hub
    # via torch
    # via transformers
    # via triton
fsspec==2024.3.1
    # via huggingface-hub
    # via torch
grpcio==1.63.0
    # via tensorboard
huggingface-hub==0.23.0
    # via accelerate
    # via tokenizers
    # via transformers
idna==3.7
    # via requests
jinja2==3.1.4
    # via torch
lightning-utilities==0.11.2
    # via torchmetrics
markdown==3.6
    # via tensorboard
markupsafe==2.1.5
    # via jinja2
    # via werkzeug
more-itertools==10.2.0
    # via moonshot-bio-stimulant
mpmath==1.3.0
    # via sympy
networkx==3.3
    # via torch
numpy==1.26.4
    # via accelerate
    # via moonshot-bio-stimulant
    # via pandas
    # via tensorboard
    # via torchmetrics
    # via transformers
openpyxl==3.1.2
    # via moonshot-bio-stimulant
packaging==24.0
    # via accelerate
    # via huggingface-hub
    # via lightning-utilities
    # via torchmetrics
    # via transformers
pandas==2.2.2
    # via moonshot-bio-stimulant
pretty-errors==1.2.25
    # via torchmetrics
protobuf==5.26.1
    # via tensorboard
psutil==5.9.8
    # via accelerate
pubchempy==1.0.4
    # via moonshot-bio-stimulant
python-dateutil==2.9.0.post0
    # via pandas
pytz==2024.1
    # via pandas
pyyaml==6.0.1
    # via accelerate
    # via huggingface-hub
    # via transformers
regex==2024.4.28
    # via transformers
requests==2.31.0
    # via huggingface-hub
    # via transformers
safetensors==0.4.3
    # via accelerate
    # via transformers
sentencepiece==0.2.0
    # via moonshot-bio-stimulant
six==1.16.0
    # via python-dateutil
    # via tensorboard
sympy==1.12
    # via torch
tensorboard==2.16.2
    # via moonshot-bio-stimulant
tensorboard-data-server==0.7.2
    # via tensorboard
tokenizers==0.19.1
    # via moonshot-bio-stimulant
    # via transformers
torch==2.1.0+cu118
    # via accelerate
    # via moonshot-bio-stimulant
    # via torchmetrics
torchmetrics==1.4.0
    # via moonshot-bio-stimulant
tqdm==4.66.4
    # via huggingface-hub
    # via moonshot-bio-stimulant
    # via transformers
transformers==4.40.2
    # via moonshot-bio-stimulant
triton==2.1.0
    # via torch
typing-extensions==4.11.0
    # via huggingface-hub
    # via lightning-utilities
    # via torch
tzdata==2024.1
    # via pandas
urllib3==2.2.1
    # via requests
werkzeug==3.0.3
    # via tensorboard
setuptools==69.5.1
    # via lightning-utilities
    # via tensorboard
